
Microsoft Visual Studio Solution File, Format Version 12.00
# Visual Studio Version 17
VisualStudioVersion = 17.5.33530.505
MinimumVisualStudioVersion = 10.0.40219.1
Project("{FAE04EC0-301F-11D3-BF4B-00C04F79EFBC}") = "BlazorLogin.Server", "BlazorLogin\Server\BlazorLogin.Server.csproj", "{C891B33B-92F4-4297-B97C-8A891DB74DC0}"
EndProject
Project("{FAE04EC0-301F-11D3-BF4B-00C04F79EFBC}") = "BlazorLogin.Client", "BlazorLogin\Client\BlazorLogin.Client.csproj", "{580171FA-FF0C-4B38-8295-FFB975B8D02B}"
EndProject
Project("{FAE04EC0-301F-11D3-BF4B-00C04F79EFBC}") = "BlazorLogin.Shared", "BlazorLogin\Shared\BlazorLogin.Shared.csproj", "{E9809734-FD37-4C96-AC84-050C3B9F2009}"
EndProject
Global
	GlobalSection(SolutionConfigurationPlatforms) = preSolution
		Debug|Any CPU = Debug|Any CPU
		Release|Any CPU = Release|Any CPU
	EndGlobalSection
	GlobalSection(ProjectConfigurationPlatforms) = postSolution
		{C891B33B-92F4-4297-B97C-8A891DB74DC0}.Debug|Any CPU.ActiveCfg = Debug|Any CPU
		{C891B33B-92F4-4297-B97C-8A891DB74DC0}.Debug|Any CPU.Build.0 = Debug|Any CPU
		{C891B33B-92F4-4297-B97C-8A891DB74DC0}.Release|Any CPU.ActiveCfg = Release|Any CPU
		{C891B33B-92F4-4297-B97C-8A891DB74DC0}.Release|Any CPU.Build.0 = Release|Any CPU
		{580171FA-FF0C-4B38-8295-FFB975B8D02B}.Debug|Any CPU.ActiveCfg = Debug|Any CPU
		{580171FA-FF0C-4B38-8295-FFB975B8D02B}.Debug|Any CPU.Build.0 = Debug|Any CPU
		{580171FA-FF0C-4B38-8295-FFB975B8D02B}.Release|Any CPU.ActiveCfg = Release|Any CPU
		{580171FA-FF0C-4B38-8295-FFB975B8D02B}.Release|Any CPU.Build.0 = Release|Any CPU
		{E9809734-FD37-4C96-AC84-050C3B9F2009}.Debug|Any CPU.ActiveCfg = Debug|Any CPU
		{E9809734-FD37-4C96-AC84-050C3B9F2009}.Debug|Any CPU.Build.0 = Debug|Any CPU
		{E9809734-FD37-4C96-AC84-050C3B9F2009}.Release|Any CPU.ActiveCfg = Release|Any CPU
		{E9809734-FD37-4C96-AC84-050C3B9F2009}.Release|Any CPU.Build.0 = Release|Any CPU
	EndGlobalSection
	GlobalSection(SolutionProperties) = preSolution
		HideSolutionNode = FALSE
	EndGlobalSection
	GlobalSection(ExtensibilityGlobals) = postSolution
		SolutionGuid = {3ABD7E3E-0CC4-45D8-B6BF-819291F88DEC}
	EndGlobalSection
EndGlobal
